// !$*UTF8*$!
{
	archiveVersion = 1;
	classes = {
	};
	objectVersion = 50;
	objects = {

/* Begin PBXBuildFile section */
		09EE968923D6C55600248A16 /* AppDelegate.swift in Sources */ = {isa = PBXBuildFile; fileRef = 09EE968823D6C55600248A16 /* AppDelegate.swift */; };
		09EE968B23D6C55600248A16 /* SceneDelegate.swift in Sources */ = {isa = PBXBuildFile; fileRef = 09EE968A23D6C55600248A16 /* SceneDelegate.swift */; };
		09EE968D23D6C55600248A16 /* ComicsView.swift in Sources */ = {isa = PBXBuildFile; fileRef = 09EE968C23D6C55600248A16 /* ComicsView.swift */; };
		09EE969023D6C55600248A16 /* Main.storyboard in Resources */ = {isa = PBXBuildFile; fileRef = 09EE968E23D6C55600248A16 /* Main.storyboard */; };
		09EE969223D6C55900248A16 /* Assets.xcassets in Resources */ = {isa = PBXBuildFile; fileRef = 09EE969123D6C55900248A16 /* Assets.xcassets */; };
		09EE969523D6C55900248A16 /* LaunchScreen.storyboard in Resources */ = {isa = PBXBuildFile; fileRef = 09EE969323D6C55900248A16 /* LaunchScreen.storyboard */; };
		09EE96A023D6C55900248A16 /* XKCDTests.swift in Sources */ = {isa = PBXBuildFile; fileRef = 09EE969F23D6C55900248A16 /* XKCDTests.swift */; };
		09EE96AB23D6C58100248A16 /* API.swift in Sources */ = {isa = PBXBuildFile; fileRef = 09EE96AA23D6C58100248A16 /* API.swift */; };
		09EE96AD23D6C64100248A16 /* Comic.swift in Sources */ = {isa = PBXBuildFile; fileRef = 09EE96AC23D6C64100248A16 /* Comic.swift */; };
		09EE96B323D8154A00248A16 /* ViewModel.swift in Sources */ = {isa = PBXBuildFile; fileRef = 09EE96B223D8154A00248A16 /* ViewModel.swift */; };
/* End PBXBuildFile section */

/* Begin PBXContainerItemProxy section */
		09EE969C23D6C55900248A16 /* PBXContainerItemProxy */ = {
			isa = PBXContainerItemProxy;
			containerPortal = 09EE967D23D6C55600248A16 /* Project object */;
			proxyType = 1;
			remoteGlobalIDString = 09EE968423D6C55600248A16;
			remoteInfo = XKCD;
		};
/* End PBXContainerItemProxy section */

/* Begin PBXFileReference section */
		09EE968523D6C55600248A16 /* XKCD.app */ = {isa = PBXFileReference; explicitFileType = wrapper.application; includeInIndex = 0; path = XKCD.app; sourceTree = BUILT_PRODUCTS_DIR; };
		09EE968823D6C55600248A16 /* AppDelegate.swift */ = {isa = PBXFileReference; lastKnownFileType = sourcecode.swift; path = AppDelegate.swift; sourceTree = "<group>"; };
		09EE968A23D6C55600248A16 /* SceneDelegate.swift */ = {isa = PBXFileReference; lastKnownFileType = sourcecode.swift; path = SceneDelegate.swift; sourceTree = "<group>"; };
		09EE968C23D6C55600248A16 /* ComicsView.swift */ = {isa = PBXFileReference; lastKnownFileType = sourcecode.swift; path = ComicsView.swift; sourceTree = "<group>"; };
		09EE968F23D6C55600248A16 /* Base */ = {isa = PBXFileReference; lastKnownFileType = file.storyboard; name = Base; path = Base.lproj/Main.storyboard; sourceTree = "<group>"; };
		09EE969123D6C55900248A16 /* Assets.xcassets */ = {isa = PBXFileReference; lastKnownFileType = folder.assetcatalog; path = Assets.xcassets; sourceTree = "<group>"; };
		09EE969423D6C55900248A16 /* Base */ = {isa = PBXFileReference; lastKnownFileType = file.storyboard; name = Base; path = Base.lproj/LaunchScreen.storyboard; sourceTree = "<group>"; };
		09EE969623D6C55900248A16 /* Info.plist */ = {isa = PBXFileReference; lastKnownFileType = text.plist.xml; path = Info.plist; sourceTree = "<group>"; };
		09EE969B23D6C55900248A16 /* XKCDTests.xctest */ = {isa = PBXFileReference; explicitFileType = wrapper.cfbundle; includeInIndex = 0; path = XKCDTests.xctest; sourceTree = BUILT_PRODUCTS_DIR; };
		09EE969F23D6C55900248A16 /* XKCDTests.swift */ = {isa = PBXFileReference; lastKnownFileType = sourcecode.swift; path = XKCDTests.swift; sourceTree = "<group>"; };
		09EE96A123D6C55900248A16 /* Info.plist */ = {isa = PBXFileReference; lastKnownFileType = text.plist.xml; path = Info.plist; sourceTree = "<group>"; };
		09EE96AA23D6C58100248A16 /* API.swift */ = {isa = PBXFileReference; lastKnownFileType = sourcecode.swift; path = API.swift; sourceTree = "<group>"; };
		09EE96AC23D6C64100248A16 /* Comic.swift */ = {isa = PBXFileReference; lastKnownFileType = sourcecode.swift; path = Comic.swift; sourceTree = "<group>"; };
		09EE96B223D8154A00248A16 /* ViewModel.swift */ = {isa = PBXFileReference; lastKnownFileType = sourcecode.swift; path = ViewModel.swift; sourceTree = "<group>"; };
/* End PBXFileReference section */

/* Begin PBXFrameworksBuildPhase section */
		09EE968223D6C55600248A16 /* Frameworks */ = {
			isa = PBXFrameworksBuildPhase;
			buildActionMask = 2147483647;
			files = (
			);
			runOnlyForDeploymentPostprocessing = 0;
		};
		09EE969823D6C55900248A16 /* Frameworks */ = {
			isa = PBXFrameworksBuildPhase;
			buildActionMask = 2147483647;
			files = (
			);
			runOnlyForDeploymentPostprocessing = 0;
		};
/* End PBXFrameworksBuildPhase section */

/* Begin PBXGroup section */
		09EE967C23D6C55600248A16 = {
			isa = PBXGroup;
			children = (
				09EE968723D6C55600248A16 /* XKCD */,
				09EE969E23D6C55900248A16 /* XKCDTests */,
				09EE968623D6C55600248A16 /* Products */,
			);
			sourceTree = "<group>";
		};
		09EE968623D6C55600248A16 /* Products */ = {
			isa = PBXGroup;
			children = (
				09EE968523D6C55600248A16 /* XKCD.app */,
				09EE969B23D6C55900248A16 /* XKCDTests.xctest */,
			);
			name = Products;
			sourceTree = "<group>";
		};
		09EE968723D6C55600248A16 /* XKCD */ = {
			isa = PBXGroup;
			children = (
				09EE968823D6C55600248A16 /* AppDelegate.swift */,
				09EE968A23D6C55600248A16 /* SceneDelegate.swift */,
				09EE96AF23D814EE00248A16 /* API */,
				09EE96AE23D814DE00248A16 /* Model */,
				09EE96B023D814F800248A16 /* View */,
				09EE96B123D8152B00248A16 /* ViewModel */,
				09EE968E23D6C55600248A16 /* Main.storyboard */,
				09EE969123D6C55900248A16 /* Assets.xcassets */,
				09EE969323D6C55900248A16 /* LaunchScreen.storyboard */,
				09EE969623D6C55900248A16 /* Info.plist */,
			);
			path = XKCD;
			sourceTree = "<group>";
		};
		09EE969E23D6C55900248A16 /* XKCDTests */ = {
			isa = PBXGroup;
			children = (
				09EE969F23D6C55900248A16 /* XKCDTests.swift */,
				09EE96A123D6C55900248A16 /* Info.plist */,
			);
			path = XKCDTests;
			sourceTree = "<group>";
		};
		09EE96AE23D814DE00248A16 /* Model */ = {
			isa = PBXGroup;
			children = (
				09EE96AC23D6C64100248A16 /* Comic.swift */,
			);
			path = Model;
			sourceTree = "<group>";
		};
		09EE96AF23D814EE00248A16 /* API */ = {
			isa = PBXGroup;
			children = (
				09EE96AA23D6C58100248A16 /* API.swift */,
			);
			path = API;
			sourceTree = "<group>";
		};
		09EE96B023D814F800248A16 /* View */ = {
			isa = PBXGroup;
			children = (
				09EE968C23D6C55600248A16 /* ComicsView.swift */,
			);
			path = View;
			sourceTree = "<group>";
		};
		09EE96B123D8152B00248A16 /* ViewModel */ = {
			isa = PBXGroup;
			children = (
				09EE96B223D8154A00248A16 /* ViewModel.swift */,
			);
			path = ViewModel;
			sourceTree = "<group>";
		};
/* End PBXGroup section */

/* Begin PBXNativeTarget section */
		09EE968423D6C55600248A16 /* XKCD */ = {
			isa = PBXNativeTarget;
			buildConfigurationList = 09EE96A423D6C55900248A16 /* Build configuration list for PBXNativeTarget "XKCD" */;
			buildPhases = (
				09EE968123D6C55600248A16 /* Sources */,
				09EE968223D6C55600248A16 /* Frameworks */,
				09EE968323D6C55600248A16 /* Resources */,
			);
			buildRules = (
			);
			dependencies = (
			);
			name = XKCD;
			productName = XKCD;
			productReference = 09EE968523D6C55600248A16 /* XKCD.app */;
			productType = "com.apple.product-type.application";
		};
		09EE969A23D6C55900248A16 /* XKCDTests */ = {
			isa = PBXNativeTarget;
			buildConfigurationList = 09EE96A723D6C55900248A16 /* Build configuration list for PBXNativeTarget "XKCDTests" */;
			buildPhases = (
				09EE969723D6C55900248A16 /* Sources */,
				09EE969823D6C55900248A16 /* Frameworks */,
				09EE969923D6C55900248A16 /* Resources */,
			);
			buildRules = (
			);
			dependencies = (
				09EE969D23D6C55900248A16 /* PBXTargetDependency */,
			);
			name = XKCDTests;
			productName = XKCDTests;
			productReference = 09EE969B23D6C55900248A16 /* XKCDTests.xctest */;
			productType = "com.apple.product-type.bundle.unit-test";
		};
/* End PBXNativeTarget section */

/* Begin PBXProject section */
		09EE967D23D6C55600248A16 /* Project object */ = {
			isa = PBXProject;
			attributes = {
				LastSwiftUpdateCheck = 1130;
				LastUpgradeCheck = 1130;
				ORGANIZATIONNAME = Yariv;
				TargetAttributes = {
					09EE968423D6C55600248A16 = {
						CreatedOnToolsVersion = 11.3;
					};
					09EE969A23D6C55900248A16 = {
						CreatedOnToolsVersion = 11.3;
						TestTargetID = 09EE968423D6C55600248A16;
					};
				};
			};
			buildConfigurationList = 09EE968023D6C55600248A16 /* Build configuration list for PBXProject "XKCD" */;
			compatibilityVersion = "Xcode 9.3";
			developmentRegion = en;
			hasScannedForEncodings = 0;
			knownRegions = (
				en,
				Base,
			);
			mainGroup = 09EE967C23D6C55600248A16;
			productRefGroup = 09EE968623D6C55600248A16 /* Products */;
			projectDirPath = "";
			projectRoot = "";
			targets = (
				09EE968423D6C55600248A16 /* XKCD */,
				09EE969A23D6C55900248A16 /* XKCDTests */,
			);
		};
/* End PBXProject section */

/* Begin PBXResourcesBuildPhase section */
		09EE968323D6C55600248A16 /* Resources */ = {
			isa = PBXResourcesBuildPhase;
			buildActionMask = 2147483647;
			files = (
				09EE969523D6C55900248A16 /* LaunchScreen.storyboard in Resources */,
				09EE969223D6C55900248A16 /* Assets.xcassets in Resources */,
				09EE969023D6C55600248A16 /* Main.storyboard in Resources */,
			);
			runOnlyForDeploymentPostprocessing = 0;
		};
		09EE969923D6C55900248A16 /* Resources */ = {
			isa = PBXResourcesBuildPhase;
			buildActionMask = 2147483647;
			files = (
			);
			runOnlyForDeploymentPostprocessing = 0;
		};
/* End PBXResourcesBuildPhase section */

/* Begin PBXSourcesBuildPhase section */
		09EE968123D6C55600248A16 /* Sources */ = {
			isa = PBXSourcesBuildPhase;
			buildActionMask = 2147483647;
			files = (
				09EE968D23D6C55600248A16 /* ComicsView.swift in Sources */,
				09EE968923D6C55600248A16 /* AppDelegate.swift in Sources */,
				09EE96AD23D6C64100248A16 /* Comic.swift in Sources */,
				09EE96AB23D6C58100248A16 /* API.swift in Sources */,
				09EE96B323D8154A00248A16 /* ViewModel.swift in Sources */,
				09EE968B23D6C55600248A16 /* SceneDelegate.swift in Sources */,
			);
			runOnlyForDeploymentPostprocessing = 0;
		};
		09EE969723D6C55900248A16 /* Sources */ = {
			isa = PBXSourcesBuildPhase;
			buildActionMask = 2147483647;
			files = (
				09EE96A023D6C55900248A16 /* XKCDTests.swift in Sources */,
			);
			runOnlyForDeploymentPostprocessing = 0;
		};
/* End PBXSourcesBuildPhase section */

/* Begin PBXTargetDependency section */
		09EE969D23D6C55900248A16 /* PBXTargetDependency */ = {
			isa = PBXTargetDependency;
			target = 09EE968423D6C55600248A16 /* XKCD */;
			targetProxy = 09EE969C23D6C55900248A16 /* PBXContainerItemProxy */;
		};
/* End PBXTargetDependency section */

/* Begin PBXVariantGroup section */
		09EE968E23D6C55600248A16 /* Main.storyboard */ = {
			isa = PBXVariantGroup;
			children = (
				09EE968F23D6C55600248A16 /* Base */,
			);
			name = Main.storyboard;
			sourceTree = "<group>";
		};
		09EE969323D6C55900248A16 /* LaunchScreen.storyboard */ = {
			isa = PBXVariantGroup;
			children = (
				09EE969423D6C55900248A16 /* Base */,
			);
			name = LaunchScreen.storyboard;
			sourceTree = "<group>";
		};
/* End PBXVariantGroup section */

/* Begin XCBuildConfiguration section */
		09EE96A223D6C55900248A16 /* Debug */ = {
			isa = XCBuildConfiguration;
			buildSettings = {
				ALWAYS_SEARCH_USER_PATHS = NO;
				CLANG_ANALYZER_NONNULL = YES;
				CLANG_ANALYZER_NUMBER_OBJECT_CONVERSION = YES_AGGRESSIVE;
				CLANG_CXX_LANGUAGE_STANDARD = "gnu++14";
				CLANG_CXX_LIBRARY = "libc++";
				CLANG_ENABLE_MODULES = YES;
				CLANG_ENABLE_OBJC_ARC = YES;
				CLANG_ENABLE_OBJC_WEAK = YES;
				CLANG_WARN_BLOCK_CAPTURE_AUTORELEASING = YES;
				CLANG_WARN_BOOL_CONVERSION = YES;
				CLANG_WARN_COMMA = YES;
				CLANG_WARN_CONSTANT_CONVERSION = YES;
				CLANG_WARN_DEPRECATED_OBJC_IMPLEMENTATIONS = YES;
				CLANG_WARN_DIRECT_OBJC_ISA_USAGE = YES_ERROR;
				CLANG_WARN_DOCUMENTATION_COMMENTS = YES;
				CLANG_WARN_EMPTY_BODY = YES;
				CLANG_WARN_ENUM_CONVERSION = YES;
				CLANG_WARN_INFINITE_RECURSION = YES;
				CLANG_WARN_INT_CONVERSION = YES;
				CLANG_WARN_NON_LITERAL_NULL_CONVERSION = YES;
				CLANG_WARN_OBJC_IMPLICIT_RETAIN_SELF = YES;
				CLANG_WARN_OBJC_LITERAL_CONVERSION = YES;
				CLANG_WARN_OBJC_ROOT_CLASS = YES_ERROR;
				CLANG_WARN_RANGE_LOOP_ANALYSIS = YES;
				CLANG_WARN_STRICT_PROTOTYPES = YES;
				CLANG_WARN_SUSPICIOUS_MOVE = YES;
				CLANG_WARN_UNGUARDED_AVAILABILITY = YES_AGGRESSIVE;
				CLANG_WARN_UNREACHABLE_CODE = YES;
				CLANG_WARN__DUPLICATE_METHOD_MATCH = YES;
				COPY_PHASE_STRIP = NO;
				DEBUG_INFORMATION_FORMAT = dwarf;
				ENABLE_STRICT_OBJC_MSGSEND = YES;
				ENABLE_TESTABILITY = YES;
				GCC_C_LANGUAGE_STANDARD = gnu11;
				GCC_DYNAMIC_NO_PIC = NO;
				GCC_NO_COMMON_BLOCKS = YES;
				GCC_OPTIMIZATION_LEVEL = 0;
				GCC_PREPROCESSOR_DEFINITIONS = (
					"DEBUG=1",
					"$(inherited)",
				);
				GCC_WARN_64_TO_32_BIT_CONVERSION = YES;
				GCC_WARN_ABOUT_RETURN_TYPE = YES_ERROR;
				GCC_WARN_UNDECLARED_SELECTOR = YES;
				GCC_WARN_UNINITIALIZED_AUTOS = YES_AGGRESSIVE;
				GCC_WARN_UNUSED_FUNCTION = YES;
				GCC_WARN_UNUSED_VARIABLE = YES;
				IPHONEOS_DEPLOYMENT_TARGET = 13.2;
				MTL_ENABLE_DEBUG_INFO = INCLUDE_SOURCE;
				MTL_FAST_MATH = YES;
				ONLY_ACTIVE_ARCH = YES;
				SDKROOT = iphoneos;
				SWIFT_ACTIVE_COMPILATION_CONDITIONS = DEBUG;
				SWIFT_OPTIMIZATION_LEVEL = "-Onone";
			};
			name = Debug;
		};
		09EE96A323D6C55900248A16 /* Release */ = {
			isa = XCBuildConfiguration;
			buildSettings = {
				ALWAYS_SEARCH_USER_PATHS = NO;
				CLANG_ANALYZER_NONNULL = YES;
				CLANG_ANALYZER_NUMBER_OBJECT_CONVERSION = YES_AGGRESSIVE;
				CLANG_CXX_LANGUAGE_STANDARD = "gnu++14";
				CLANG_CXX_LIBRARY = "libc++";
				CLANG_ENABLE_MODULES = YES;
				CLANG_ENABLE_OBJC_ARC = YES;
				CLANG_ENABLE_OBJC_WEAK = YES;
				CLANG_WARN_BLOCK_CAPTURE_AUTORELEASING = YES;
				CLANG_WARN_BOOL_CONVERSION = YES;
				CLANG_WARN_COMMA = YES;
				CLANG_WARN_CONSTANT_CONVERSION = YES;
				CLANG_WARN_DEPRECATED_OBJC_IMPLEMENTATIONS = YES;
				CLANG_WARN_DIRECT_OBJC_ISA_USAGE = YES_ERROR;
				CLANG_WARN_DOCUMENTATION_COMMENTS = YES;
				CLANG_WARN_EMPTY_BODY = YES;
				CLANG_WARN_ENUM_CONVERSION = YES;
				CLANG_WARN_INFINITE_RECURSION = YES;
				CLANG_WARN_INT_CONVERSION = YES;
				CLANG_WARN_NON_LITERAL_NULL_CONVERSION = YES;
				CLANG_WARN_OBJC_IMPLICIT_RETAIN_SELF = YES;
				CLANG_WARN_OBJC_LITERAL_CONVERSION = YES;
				CLANG_WARN_OBJC_ROOT_CLASS = YES_ERROR;
				CLANG_WARN_RANGE_LOOP_ANALYSIS = YES;
				CLANG_WARN_STRICT_PROTOTYPES = YES;
				CLANG_WARN_SUSPICIOUS_MOVE = YES;
				CLANG_WARN_UNGUARDED_AVAILABILITY = YES_AGGRESSIVE;
				CLANG_WARN_UNREACHABLE_CODE = YES;
				CLANG_WARN__DUPLICATE_METHOD_MATCH = YES;
				COPY_PHASE_STRIP = NO;
				DEBUG_INFORMATION_FORMAT = "dwarf-with-dsym";
				ENABLE_NS_ASSERTIONS = NO;
				ENABLE_STRICT_OBJC_MSGSEND = YES;
				GCC_C_LANGUAGE_STANDARD = gnu11;
				GCC_NO_COMMON_BLOCKS = YES;
				GCC_WARN_64_TO_32_BIT_CONVERSION = YES;
				GCC_WARN_ABOUT_RETURN_TYPE = YES_ERROR;
				GCC_WARN_UNDECLARED_SELECTOR = YES;
				GCC_WARN_UNINITIALIZED_AUTOS = YES_AGGRESSIVE;
				GCC_WARN_UNUSED_FUNCTION = YES;
				GCC_WARN_UNUSED_VARIABLE = YES;
				IPHONEOS_DEPLOYMENT_TARGET = 13.2;
				MTL_ENABLE_DEBUG_INFO = NO;
				MTL_FAST_MATH = YES;
				SDKROOT = iphoneos;
				SWIFT_COMPILATION_MODE = wholemodule;
				SWIFT_OPTIMIZATION_LEVEL = "-O";
				VALIDATE_PRODUCT = YES;
			};
			name = Release;
		};
		09EE96A523D6C55900248A16 /* Debug */ = {
			isa = XCBuildConfiguration;
			buildSettings = {
				ASSETCATALOG_COMPILER_APPICON_NAME = AppIcon;
				CODE_SIGN_STYLE = Automatic;
				DEVELOPMENT_TEAM = DFJ42DHHW7;
				INFOPLIST_FILE = XKCD/Info.plist;
				LD_RUNPATH_SEARCH_PATHS = (
					"$(inherited)",
					"@executable_path/Frameworks",
				);
				PRODUCT_BUNDLE_IDENTIFIER = dev.yariv.XKCD;
				PRODUCT_NAME = "$(TARGET_NAME)";
				SWIFT_VERSION = 5.0;
				TARGETED_DEVICE_FAMILY = "1,2";
			};
			name = Debug;
		};
		09EE96A623D6C55900248A16 /* Release */ = {
			isa = XCBuildConfiguration;
			buildSettings = {
				ASSETCATALOG_COMPILER_APPICON_NAME = AppIcon;
				CODE_SIGN_STYLE = Automatic;
				DEVELOPMENT_TEAM = DFJ42DHHW7;
				INFOPLIST_FILE = XKCD/Info.plist;
				LD_RUNPATH_SEARCH_PATHS = (
					"$(inherited)",
					"@executable_path/Frameworks",
				);
				PRODUCT_BUNDLE_IDENTIFIER = dev.yariv.XKCD;
				PRODUCT_NAME = "$(TARGET_NAME)";
				SWIFT_VERSION = 5.0;
				TARGETED_DEVICE_FAMILY = "1,2";
			};
			name = Release;
		};
		09EE96A823D6C55900248A16 /* Debug */ = {
			isa = XCBuildConfiguration;
			buildSettings = {
				ALWAYS_EMBED_SWIFT_STANDARD_LIBRARIES = YES;
				BUNDLE_LOADER = "$(TEST_HOST)";
				CODE_SIGN_STYLE = Automatic;
				DEVELOPMENT_TEAM = DFJ42DHHW7;
				INFOPLIST_FILE = XKCDTests/Info.plist;
				IPHONEOS_DEPLOYMENT_TARGET = 13.2;
				LD_RUNPATH_SEARCH_PATHS = (
					"$(inherited)",
					"@executable_path/Frameworks",
					"@loader_path/Frameworks",
				);
				PRODUCT_BUNDLE_IDENTIFIER = dev.yariv.XKCDTests;
				PRODUCT_NAME = "$(TARGET_NAME)";
				SWIFT_VERSION = 5.0;
				TARGETED_DEVICE_FAMILY = "1,2";
				TEST_HOST = "$(BUILT_PRODUCTS_DIR)/XKCD.app/XKCD";
			};
			name = Debug;
		};
		09EE96A923D6C55900248A16 /* Release */ = {
			isa = XCBuildConfiguration;
			buildSettings = {
				ALWAYS_EMBED_SWIFT_STANDARD_LIBRARIES = YES;
				BUNDLE_LOADER = "$(TEST_HOST)";
				CODE_SIGN_STYLE = Automatic;
				DEVELOPMENT_TEAM = DFJ42DHHW7;
				INFOPLIST_FILE = XKCDTests/Info.plist;
				IPHONEOS_DEPLOYMENT_TARGET = 13.2;
				LD_RUNPATH_SEARCH_PATHS = (
					"$(inherited)",
					"@executable_path/Frameworks",
					"@loader_path/Frameworks",
				);
				PRODUCT_BUNDLE_IDENTIFIER = dev.yariv.XKCDTests;
				PRODUCT_NAME = "$(TARGET_NAME)";
				SWIFT_VERSION = 5.0;
				TARGETED_DEVICE_FAMILY = "1,2";
				TEST_HOST = "$(BUILT_PRODUCTS_DIR)/XKCD.app/XKCD";
			};
			name = Release;
		};
/* End XCBuildConfiguration section */

/* Begin XCConfigurationList section */
		09EE968023D6C55600248A16 /* Build configuration list for PBXProject "XKCD" */ = {
			isa = XCConfigurationList;
			buildConfigurations = (
				09EE96A223D6C55900248A16 /* Debug */,
				09EE96A323D6C55900248A16 /* Release */,
			);
			defaultConfigurationIsVisible = 0;
			defaultConfigurationName = Release;
		};
		09EE96A423D6C55900248A16 /* Build configuration list for PBXNativeTarget "XKCD" */ = {
			isa = XCConfigurationList;
			buildConfigurations = (
				09EE96A523D6C55900248A16 /* Debug */,
				09EE96A623D6C55900248A16 /* Release */,
			);
			defaultConfigurationIsVisible = 0;
			defaultConfigurationName = Release;
		};
		09EE96A723D6C55900248A16 /* Build configuration list for PBXNativeTarget "XKCDTests" */ = {
			isa = XCConfigurationList;
			buildConfigurations = (
				09EE96A823D6C55900248A16 /* Debug */,
				09EE96A923D6C55900248A16 /* Release */,
			);
			defaultConfigurationIsVisible = 0;
			defaultConfigurationName = Release;
		};
/* End XCConfigurationList section */
	};
	rootObject = 09EE967D23D6C55600248A16 /* Project object */;
}
